
Microsoft Visual Studio Solution File, Format Version 12.00
# Visual Studio Version 16
VisualStudioVersion = 16.0.28729.10
MinimumVisualStudioVersion = 10.0.40219.1
Project("{9A19103F-16F7-4668-BE54-9A1E7A4F7556}") = "TopHackerNews", "TopHackerNews.csproj", "{422B7852-E2CB-40C1-B6DF-EABB58B217C9}"
EndProject
Project("{FAE04EC0-301F-11D3-BF4B-00C04F79EFBC}") = "TopHackerNews.Tests", "TopHackerNews.Tests\TopHackerNews.Tests.csproj", "{F82AE63F-9606-4EC4-867E-3127DE94007F}"
EndProject
Global
	GlobalSection(SolutionConfigurationPlatforms) = preSolution
		Debug|Any CPU = Debug|Any CPU
		Release|Any CPU = Release|Any CPU
	EndGlobalSection
	GlobalSection(ProjectConfigurationPlatforms) = postSolution
		{422B7852-E2CB-40C1-B6DF-EABB58B217C9}.Debug|Any CPU.ActiveCfg = Debug|Any CPU
		{422B7852-E2CB-40C1-B6DF-EABB58B217C9}.Debug|Any CPU.Build.0 = Debug|Any CPU
		{422B7852-E2CB-40C1-B6DF-EABB58B217C9}.Release|Any CPU.ActiveCfg = Release|Any CPU
		{422B7852-E2CB-40C1-B6DF-EABB58B217C9}.Release|Any CPU.Build.0 = Release|Any CPU
		{F82AE63F-9606-4EC4-867E-3127DE94007F}.Debug|Any CPU.ActiveCfg = Debug|Any CPU
		{F82AE63F-9606-4EC4-867E-3127DE94007F}.Debug|Any CPU.Build.0 = Debug|Any CPU
		{F82AE63F-9606-4EC4-867E-3127DE94007F}.Release|Any CPU.ActiveCfg = Release|Any CPU
		{F82AE63F-9606-4EC4-867E-3127DE94007F}.Release|Any CPU.Build.0 = Release|Any CPU
	EndGlobalSection
	GlobalSection(SolutionProperties) = preSolution
		HideSolutionNode = FALSE
	EndGlobalSection
	GlobalSection(ExtensibilityGlobals) = postSolution
		SolutionGuid = {2F1D0FEF-3925-4DB8-97DB-0A31E81DD273}
	EndGlobalSection
EndGlobal
